// !$*UTF8*$!
{
	archiveVersion = 1;
	classes = {
	};
	objectVersion = 46;
	objects = {

/* Begin PBXBuildFile section */
		A14744B41F4AF14300B956D4 /* AppDelegate.swift in Sources */ = {isa = PBXBuildFile; fileRef = A14744B31F4AF14300B956D4 /* AppDelegate.swift */; };
		A14744B61F4AF14300B956D4 /* MapPeopleViewController.swift in Sources */ = {isa = PBXBuildFile; fileRef = A14744B51F4AF14300B956D4 /* MapPeopleViewController.swift */; };
		A14744B81F4AF14300B956D4 /* ListPeopleViewController.swift in Sources */ = {isa = PBXBuildFile; fileRef = A14744B71F4AF14300B956D4 /* ListPeopleViewController.swift */; };
		A14744BB1F4AF14300B956D4 /* Main.storyboard in Resources */ = {isa = PBXBuildFile; fileRef = A14744B91F4AF14300B956D4 /* Main.storyboard */; };
		A14744BD1F4AF14300B956D4 /* Assets.xcassets in Resources */ = {isa = PBXBuildFile; fileRef = A14744BC1F4AF14300B956D4 /* Assets.xcassets */; };
		A14744C01F4AF14300B956D4 /* LaunchScreen.storyboard in Resources */ = {isa = PBXBuildFile; fileRef = A14744BE1F4AF14300B956D4 /* LaunchScreen.storyboard */; };
		A14744C91F4AFC2000B956D4 /* ParseConstants.swift in Sources */ = {isa = PBXBuildFile; fileRef = A14744C81F4AFC2000B956D4 /* ParseConstants.swift */; };
		A1B6AAD61F4AFD1F004E5A22 /* ParseClient.swift in Sources */ = {isa = PBXBuildFile; fileRef = A1B6AAD51F4AFD1F004E5A22 /* ParseClient.swift */; };
		A1B6AAD81F4AFD7B004E5A22 /* GCDExtension.swift in Sources */ = {isa = PBXBuildFile; fileRef = A1B6AAD71F4AFD7B004E5A22 /* GCDExtension.swift */; };
		A1B6AADA1F4AFE71004E5A22 /* OTMPerson.swift in Sources */ = {isa = PBXBuildFile; fileRef = A1B6AAD91F4AFE71004E5A22 /* OTMPerson.swift */; };
		A1B6AADC1F4B03BF004E5A22 /* LoginViewController.swift in Sources */ = {isa = PBXBuildFile; fileRef = A1B6AADB1F4B03BF004E5A22 /* LoginViewController.swift */; };
		A1C098541F60AA210004EE4E /* BasePeopleViewController.swift in Sources */ = {isa = PBXBuildFile; fileRef = A1C098531F60AA210004EE4E /* BasePeopleViewController.swift */; };
		A1C098561F6167350004EE4E /* OTMData.swift in Sources */ = {isa = PBXBuildFile; fileRef = A1C098551F6167350004EE4E /* OTMData.swift */; };
		A1C098581F642E510004EE4E /* InitializeLocationViewController.swift in Sources */ = {isa = PBXBuildFile; fileRef = A1C098571F642E510004EE4E /* InitializeLocationViewController.swift */; };
		A1C0985A1F642F810004EE4E /* SaveLocationViewController.swift in Sources */ = {isa = PBXBuildFile; fileRef = A1C098591F642F810004EE4E /* SaveLocationViewController.swift */; };
		A1C0985C1F658C1D0004EE4E /* OTMUser.swift in Sources */ = {isa = PBXBuildFile; fileRef = A1C0985B1F658C1D0004EE4E /* OTMUser.swift */; };
		A1C098601F659A890004EE4E /* UdacityClient.swift in Sources */ = {isa = PBXBuildFile; fileRef = A1C0985F1F659A890004EE4E /* UdacityClient.swift */; };
		A1C098621F659AAF0004EE4E /* UdacityConstants.swift in Sources */ = {isa = PBXBuildFile; fileRef = A1C098611F659AAF0004EE4E /* UdacityConstants.swift */; };
		A1C098641F659B930004EE4E /* UdacityConvenienceMethods.swift in Sources */ = {isa = PBXBuildFile; fileRef = A1C098631F659B930004EE4E /* UdacityConvenienceMethods.swift */; };
		A1C098661F659BBB0004EE4E /* ParseConvenienceMethods.swift in Sources */ = {isa = PBXBuildFile; fileRef = A1C098651F659BBB0004EE4E /* ParseConvenienceMethods.swift */; };
		A1E177D01F6A9BB1003A9763 /* Helper.swift in Sources */ = {isa = PBXBuildFile; fileRef = A1E177CF1F6A9BB1003A9763 /* Helper.swift */; };
/* End PBXBuildFile section */

/* Begin PBXFileReference section */
		A14744B01F4AF14300B956D4 /* OnTheMap.app */ = {isa = PBXFileReference; explicitFileType = wrapper.application; includeInIndex = 0; path = OnTheMap.app; sourceTree = BUILT_PRODUCTS_DIR; };
		A14744B31F4AF14300B956D4 /* AppDelegate.swift */ = {isa = PBXFileReference; lastKnownFileType = sourcecode.swift; path = AppDelegate.swift; sourceTree = "<group>"; };
		A14744B51F4AF14300B956D4 /* MapPeopleViewController.swift */ = {isa = PBXFileReference; lastKnownFileType = sourcecode.swift; path = MapPeopleViewController.swift; sourceTree = "<group>"; };
		A14744B71F4AF14300B956D4 /* ListPeopleViewController.swift */ = {isa = PBXFileReference; lastKnownFileType = sourcecode.swift; path = ListPeopleViewController.swift; sourceTree = "<group>"; };
		A14744BA1F4AF14300B956D4 /* Base */ = {isa = PBXFileReference; lastKnownFileType = file.storyboard; name = Base; path = Base.lproj/Main.storyboard; sourceTree = "<group>"; };
		A14744BC1F4AF14300B956D4 /* Assets.xcassets */ = {isa = PBXFileReference; lastKnownFileType = folder.assetcatalog; path = Assets.xcassets; sourceTree = "<group>"; };
		A14744BF1F4AF14300B956D4 /* Base */ = {isa = PBXFileReference; lastKnownFileType = file.storyboard; name = Base; path = Base.lproj/LaunchScreen.storyboard; sourceTree = "<group>"; };
		A14744C11F4AF14300B956D4 /* Info.plist */ = {isa = PBXFileReference; lastKnownFileType = text.plist.xml; path = Info.plist; sourceTree = "<group>"; };
		A14744C81F4AFC2000B956D4 /* ParseConstants.swift */ = {isa = PBXFileReference; fileEncoding = 4; lastKnownFileType = sourcecode.swift; path = ParseConstants.swift; sourceTree = "<group>"; };
		A1B6AAD51F4AFD1F004E5A22 /* ParseClient.swift */ = {isa = PBXFileReference; fileEncoding = 4; lastKnownFileType = sourcecode.swift; path = ParseClient.swift; sourceTree = "<group>"; };
		A1B6AAD71F4AFD7B004E5A22 /* GCDExtension.swift */ = {isa = PBXFileReference; fileEncoding = 4; lastKnownFileType = sourcecode.swift; path = GCDExtension.swift; sourceTree = "<group>"; };
		A1B6AAD91F4AFE71004E5A22 /* OTMPerson.swift */ = {isa = PBXFileReference; fileEncoding = 4; lastKnownFileType = sourcecode.swift; path = OTMPerson.swift; sourceTree = "<group>"; };
		A1B6AADB1F4B03BF004E5A22 /* LoginViewController.swift */ = {isa = PBXFileReference; fileEncoding = 4; lastKnownFileType = sourcecode.swift; path = LoginViewController.swift; sourceTree = "<group>"; };
		A1C098531F60AA210004EE4E /* BasePeopleViewController.swift */ = {isa = PBXFileReference; fileEncoding = 4; lastKnownFileType = sourcecode.swift; path = BasePeopleViewController.swift; sourceTree = "<group>"; };
		A1C098551F6167350004EE4E /* OTMData.swift */ = {isa = PBXFileReference; fileEncoding = 4; lastKnownFileType = sourcecode.swift; path = OTMData.swift; sourceTree = "<group>"; };
		A1C098571F642E510004EE4E /* InitializeLocationViewController.swift */ = {isa = PBXFileReference; fileEncoding = 4; lastKnownFileType = sourcecode.swift; path = InitializeLocationViewController.swift; sourceTree = "<group>"; };
		A1C098591F642F810004EE4E /* SaveLocationViewController.swift */ = {isa = PBXFileReference; fileEncoding = 4; lastKnownFileType = sourcecode.swift; path = SaveLocationViewController.swift; sourceTree = "<group>"; };
		A1C0985B1F658C1D0004EE4E /* OTMUser.swift */ = {isa = PBXFileReference; fileEncoding = 4; lastKnownFileType = sourcecode.swift; path = OTMUser.swift; sourceTree = "<group>"; };
		A1C0985F1F659A890004EE4E /* UdacityClient.swift */ = {isa = PBXFileReference; fileEncoding = 4; lastKnownFileType = sourcecode.swift; path = UdacityClient.swift; sourceTree = "<group>"; };
		A1C098611F659AAF0004EE4E /* UdacityConstants.swift */ = {isa = PBXFileReference; fileEncoding = 4; lastKnownFileType = sourcecode.swift; path = UdacityConstants.swift; sourceTree = "<group>"; };
		A1C098631F659B930004EE4E /* UdacityConvenienceMethods.swift */ = {isa = PBXFileReference; fileEncoding = 4; lastKnownFileType = sourcecode.swift; path = UdacityConvenienceMethods.swift; sourceTree = "<group>"; };
		A1C098651F659BBB0004EE4E /* ParseConvenienceMethods.swift */ = {isa = PBXFileReference; fileEncoding = 4; lastKnownFileType = sourcecode.swift; path = ParseConvenienceMethods.swift; sourceTree = "<group>"; };
		A1E177CF1F6A9BB1003A9763 /* Helper.swift */ = {isa = PBXFileReference; fileEncoding = 4; lastKnownFileType = sourcecode.swift; path = Helper.swift; sourceTree = "<group>"; };
/* End PBXFileReference section */

/* Begin PBXFrameworksBuildPhase section */
		A14744AD1F4AF14300B956D4 /* Frameworks */ = {
			isa = PBXFrameworksBuildPhase;
			buildActionMask = 2147483647;
			files = (
			);
			runOnlyForDeploymentPostprocessing = 0;
		};
/* End PBXFrameworksBuildPhase section */

/* Begin PBXGroup section */
		A14744A71F4AF14300B956D4 = {
			isa = PBXGroup;
			children = (
				A14744B21F4AF14300B956D4 /* OnTheMap */,
				A14744B11F4AF14300B956D4 /* Products */,
			);
			sourceTree = "<group>";
		};
		A14744B11F4AF14300B956D4 /* Products */ = {
			isa = PBXGroup;
			children = (
				A14744B01F4AF14300B956D4 /* OnTheMap.app */,
			);
			name = Products;
			sourceTree = "<group>";
		};
		A14744B21F4AF14300B956D4 /* OnTheMap */ = {
			isa = PBXGroup;
			children = (
				A14744B31F4AF14300B956D4 /* AppDelegate.swift */,
				A1B6AAD71F4AFD7B004E5A22 /* GCDExtension.swift */,
				A1B6AAD31F4AFCC9004E5A22 /* Model */,
				A14744C71F4AFBD900B956D4 /* Controller */,
				A14744B91F4AF14300B956D4 /* Main.storyboard */,
				A14744BC1F4AF14300B956D4 /* Assets.xcassets */,
				A14744BE1F4AF14300B956D4 /* LaunchScreen.storyboard */,
				A14744C11F4AF14300B956D4 /* Info.plist */,
			);
			path = OnTheMap;
			sourceTree = "<group>";
		};
		A14744C71F4AFBD900B956D4 /* Controller */ = {
			isa = PBXGroup;
			children = (
				A1E177D11F6A9BB7003A9763 /* Helpers */,
				A1C098531F60AA210004EE4E /* BasePeopleViewController.swift */,
				A14744B51F4AF14300B956D4 /* MapPeopleViewController.swift */,
				A14744B71F4AF14300B956D4 /* ListPeopleViewController.swift */,
				A1B6AADB1F4B03BF004E5A22 /* LoginViewController.swift */,
				A1C098571F642E510004EE4E /* InitializeLocationViewController.swift */,
				A1C098591F642F810004EE4E /* SaveLocationViewController.swift */,
			);
			name = Controller;
			sourceTree = "<group>";
		};
		A1B6AAD31F4AFCC9004E5A22 /* Model */ = {
			isa = PBXGroup;
			children = (
				A1C0985B1F658C1D0004EE4E /* OTMUser.swift */,
				A1B6AAD91F4AFE71004E5A22 /* OTMPerson.swift */,
				A1C098551F6167350004EE4E /* OTMData.swift */,
				A1B6AAD41F4AFCEB004E5A22 /* Clients */,
			);
			name = Model;
			sourceTree = "<group>";
		};
		A1B6AAD41F4AFCEB004E5A22 /* Clients */ = {
			isa = PBXGroup;
			children = (
				A1C0985E1F659A630004EE4E /* Udacity */,
				A1C0985D1F659A4E0004EE4E /* Parse */,
			);
			name = Clients;
			sourceTree = "<group>";
		};
		A1C0985D1F659A4E0004EE4E /* Parse */ = {
			isa = PBXGroup;
			children = (
				A1B6AAD51F4AFD1F004E5A22 /* ParseClient.swift */,
				A14744C81F4AFC2000B956D4 /* ParseConstants.swift */,
				A1C098651F659BBB0004EE4E /* ParseConvenienceMethods.swift */,
			);
			name = Parse;
			sourceTree = "<group>";
		};
		A1C0985E1F659A630004EE4E /* Udacity */ = {
			isa = PBXGroup;
			children = (
				A1C0985F1F659A890004EE4E /* UdacityClient.swift */,
				A1C098611F659AAF0004EE4E /* UdacityConstants.swift */,
				A1C098631F659B930004EE4E /* UdacityConvenienceMethods.swift */,
			);
			name = Udacity;
			sourceTree = "<group>";
		};
		A1E177D11F6A9BB7003A9763 /* Helpers */ = {
			isa = PBXGroup;
			children = (
				A1E177CF1F6A9BB1003A9763 /* Helper.swift */,
			);
			name = Helpers;
			sourceTree = "<group>";
		};
/* End PBXGroup section */

/* Begin PBXNativeTarget section */
		A14744AF1F4AF14300B956D4 /* OnTheMap */ = {
			isa = PBXNativeTarget;
			buildConfigurationList = A14744C41F4AF14300B956D4 /* Build configuration list for PBXNativeTarget "OnTheMap" */;
			buildPhases = (
				A14744AC1F4AF14300B956D4 /* Sources */,
				A14744AD1F4AF14300B956D4 /* Frameworks */,
				A14744AE1F4AF14300B956D4 /* Resources */,
			);
			buildRules = (
			);
			dependencies = (
			);
			name = OnTheMap;
			productName = OnTheMap;
			productReference = A14744B01F4AF14300B956D4 /* OnTheMap.app */;
			productType = "com.apple.product-type.application";
		};
/* End PBXNativeTarget section */

/* Begin PBXProject section */
		A14744A81F4AF14300B956D4 /* Project object */ = {
			isa = PBXProject;
			attributes = {
				LastSwiftUpdateCheck = 0830;
				LastUpgradeCheck = 0830;
				ORGANIZATIONNAME = "Taylor Masterson";
				TargetAttributes = {
					A14744AF1F4AF14300B956D4 = {
						CreatedOnToolsVersion = 8.3.3;
						ProvisioningStyle = Automatic;
					};
				};
			};
			buildConfigurationList = A14744AB1F4AF14300B956D4 /* Build configuration list for PBXProject "OnTheMap" */;
			compatibilityVersion = "Xcode 3.2";
			developmentRegion = English;
			hasScannedForEncodings = 0;
			knownRegions = (
				en,
				Base,
			);
			mainGroup = A14744A71F4AF14300B956D4;
			productRefGroup = A14744B11F4AF14300B956D4 /* Products */;
			projectDirPath = "";
			projectRoot = "";
			targets = (
				A14744AF1F4AF14300B956D4 /* OnTheMap */,
			);
		};
/* End PBXProject section */

/* Begin PBXResourcesBuildPhase section */
		A14744AE1F4AF14300B956D4 /* Resources */ = {
			isa = PBXResourcesBuildPhase;
			buildActionMask = 2147483647;
			files = (
				A14744C01F4AF14300B956D4 /* LaunchScreen.storyboard in Resources */,
				A14744BD1F4AF14300B956D4 /* Assets.xcassets in Resources */,
				A14744BB1F4AF14300B956D4 /* Main.storyboard in Resources */,
			);
			runOnlyForDeploymentPostprocessing = 0;
		};
/* End PBXResourcesBuildPhase section */

/* Begin PBXSourcesBuildPhase section */
		A14744AC1F4AF14300B956D4 /* Sources */ = {
			isa = PBXSourcesBuildPhase;
			buildActionMask = 2147483647;
			files = (
				A1C098661F659BBB0004EE4E /* ParseConvenienceMethods.swift in Sources */,
				A1C098541F60AA210004EE4E /* BasePeopleViewController.swift in Sources */,
				A1C098621F659AAF0004EE4E /* UdacityConstants.swift in Sources */,
				A1C098641F659B930004EE4E /* UdacityConvenienceMethods.swift in Sources */,
				A1B6AAD81F4AFD7B004E5A22 /* GCDExtension.swift in Sources */,
				A14744B81F4AF14300B956D4 /* ListPeopleViewController.swift in Sources */,
				A1C0985A1F642F810004EE4E /* SaveLocationViewController.swift in Sources */,
				A1E177D01F6A9BB1003A9763 /* Helper.swift in Sources */,
				A1C098601F659A890004EE4E /* UdacityClient.swift in Sources */,
				A1B6AADA1F4AFE71004E5A22 /* OTMPerson.swift in Sources */,
				A14744B41F4AF14300B956D4 /* AppDelegate.swift in Sources */,
				A1B6AADC1F4B03BF004E5A22 /* LoginViewController.swift in Sources */,
				A1C098581F642E510004EE4E /* InitializeLocationViewController.swift in Sources */,
				A1C098561F6167350004EE4E /* OTMData.swift in Sources */,
				A1B6AAD61F4AFD1F004E5A22 /* ParseClient.swift in Sources */,
				A14744B61F4AF14300B956D4 /* MapPeopleViewController.swift in Sources */,
				A14744C91F4AFC2000B956D4 /* ParseConstants.swift in Sources */,
				A1C0985C1F658C1D0004EE4E /* OTMUser.swift in Sources */,
			);
			runOnlyForDeploymentPostprocessing = 0;
		};
/* End PBXSourcesBuildPhase section */

/* Begin PBXVariantGroup section */
		A14744B91F4AF14300B956D4 /* Main.storyboard */ = {
			isa = PBXVariantGroup;
			children = (
				A14744BA1F4AF14300B956D4 /* Base */,
			);
			name = Main.storyboard;
			sourceTree = "<group>";
		};
		A14744BE1F4AF14300B956D4 /* LaunchScreen.storyboard */ = {
			isa = PBXVariantGroup;
			children = (
				A14744BF1F4AF14300B956D4 /* Base */,
			);
			name = LaunchScreen.storyboard;
			sourceTree = "<group>";
		};
/* End PBXVariantGroup section */

/* Begin XCBuildConfiguration section */
		A14744C21F4AF14300B956D4 /* Debug */ = {
			isa = XCBuildConfiguration;
			buildSettings = {
				ALWAYS_SEARCH_USER_PATHS = NO;
				CLANG_ANALYZER_NONNULL = YES;
				CLANG_ANALYZER_NUMBER_OBJECT_CONVERSION = YES_AGGRESSIVE;
				CLANG_CXX_LANGUAGE_STANDARD = "gnu++0x";
				CLANG_CXX_LIBRARY = "libc++";
				CLANG_ENABLE_MODULES = YES;
				CLANG_ENABLE_OBJC_ARC = YES;
				CLANG_WARN_BOOL_CONVERSION = YES;
				CLANG_WARN_CONSTANT_CONVERSION = YES;
				CLANG_WARN_DIRECT_OBJC_ISA_USAGE = YES_ERROR;
				CLANG_WARN_DOCUMENTATION_COMMENTS = YES;
				CLANG_WARN_EMPTY_BODY = YES;
				CLANG_WARN_ENUM_CONVERSION = YES;
				CLANG_WARN_INFINITE_RECURSION = YES;
				CLANG_WARN_INT_CONVERSION = YES;
				CLANG_WARN_OBJC_ROOT_CLASS = YES_ERROR;
				CLANG_WARN_SUSPICIOUS_MOVE = YES;
				CLANG_WARN_UNREACHABLE_CODE = YES;
				CLANG_WARN__DUPLICATE_METHOD_MATCH = YES;
				"CODE_SIGN_IDENTITY[sdk=iphoneos*]" = "iPhone Developer";
				COPY_PHASE_STRIP = NO;
				DEBUG_INFORMATION_FORMAT = dwarf;
				ENABLE_STRICT_OBJC_MSGSEND = YES;
				ENABLE_TESTABILITY = YES;
				GCC_C_LANGUAGE_STANDARD = gnu99;
				GCC_DYNAMIC_NO_PIC = NO;
				GCC_NO_COMMON_BLOCKS = YES;
				GCC_OPTIMIZATION_LEVEL = 0;
				GCC_PREPROCESSOR_DEFINITIONS = (
					"DEBUG=1",
					"$(inherited)",
				);
				GCC_WARN_64_TO_32_BIT_CONVERSION = YES;
				GCC_WARN_ABOUT_RETURN_TYPE = YES_ERROR;
				GCC_WARN_UNDECLARED_SELECTOR = YES;
				GCC_WARN_UNINITIALIZED_AUTOS = YES_AGGRESSIVE;
				GCC_WARN_UNUSED_FUNCTION = YES;
				GCC_WARN_UNUSED_VARIABLE = YES;
				IPHONEOS_DEPLOYMENT_TARGET = 10.3;
				MTL_ENABLE_DEBUG_INFO = YES;
				ONLY_ACTIVE_ARCH = YES;
				SDKROOT = iphoneos;
				SWIFT_ACTIVE_COMPILATION_CONDITIONS = DEBUG;
				SWIFT_OPTIMIZATION_LEVEL = "-Onone";
				TARGETED_DEVICE_FAMILY = "1,2";
			};
			name = Debug;
		};
		A14744C31F4AF14300B956D4 /* Release */ = {
			isa = XCBuildConfiguration;
			buildSettings = {
				ALWAYS_SEARCH_USER_PATHS = NO;
				CLANG_ANALYZER_NONNULL = YES;
				CLANG_ANALYZER_NUMBER_OBJECT_CONVERSION = YES_AGGRESSIVE;
				CLANG_CXX_LANGUAGE_STANDARD = "gnu++0x";
				CLANG_CXX_LIBRARY = "libc++";
				CLANG_ENABLE_MODULES = YES;
				CLANG_ENABLE_OBJC_ARC = YES;
				CLANG_WARN_BOOL_CONVERSION = YES;
				CLANG_WARN_CONSTANT_CONVERSION = YES;
				CLANG_WARN_DIRECT_OBJC_ISA_USAGE = YES_ERROR;
				CLANG_WARN_DOCUMENTATION_COMMENTS = YES;
				CLANG_WARN_EMPTY_BODY = YES;
				CLANG_WARN_ENUM_CONVERSION = YES;
				CLANG_WARN_INFINITE_RECURSION = YES;
				CLANG_WARN_INT_CONVERSION = YES;
				CLANG_WARN_OBJC_ROOT_CLASS = YES_ERROR;
				CLANG_WARN_SUSPICIOUS_MOVE = YES;
				CLANG_WARN_UNREACHABLE_CODE = YES;
				CLANG_WARN__DUPLICATE_METHOD_MATCH = YES;
				"CODE_SIGN_IDENTITY[sdk=iphoneos*]" = "iPhone Developer";
				COPY_PHASE_STRIP = NO;
				DEBUG_INFORMATION_FORMAT = "dwarf-with-dsym";
				ENABLE_NS_ASSERTIONS = NO;
				ENABLE_STRICT_OBJC_MSGSEND = YES;
				GCC_C_LANGUAGE_STANDARD = gnu99;
				GCC_NO_COMMON_BLOCKS = YES;
				GCC_WARN_64_TO_32_BIT_CONVERSION = YES;
				GCC_WARN_ABOUT_RETURN_TYPE = YES_ERROR;
				GCC_WARN_UNDECLARED_SELECTOR = YES;
				GCC_WARN_UNINITIALIZED_AUTOS = YES_AGGRESSIVE;
				GCC_WARN_UNUSED_FUNCTION = YES;
				GCC_WARN_UNUSED_VARIABLE = YES;
				IPHONEOS_DEPLOYMENT_TARGET = 10.3;
				MTL_ENABLE_DEBUG_INFO = NO;
				SDKROOT = iphoneos;
				SWIFT_OPTIMIZATION_LEVEL = "-Owholemodule";
				TARGETED_DEVICE_FAMILY = "1,2";
				VALIDATE_PRODUCT = YES;
			};
			name = Release;
		};
		A14744C51F4AF14300B956D4 /* Debug */ = {
			isa = XCBuildConfiguration;
			buildSettings = {
				ASSETCATALOG_COMPILER_APPICON_NAME = AppIcon;
				INFOPLIST_FILE = OnTheMap/Info.plist;
				LD_RUNPATH_SEARCH_PATHS = "$(inherited) @executable_path/Frameworks";
				PRODUCT_BUNDLE_IDENTIFIER = com.taylormasterson.OnTheMap;
				PRODUCT_NAME = "$(TARGET_NAME)";
				SWIFT_VERSION = 3.0;
			};
			name = Debug;
		};
		A14744C61F4AF14300B956D4 /* Release */ = {
			isa = XCBuildConfiguration;
			buildSettings = {
				ASSETCATALOG_COMPILER_APPICON_NAME = AppIcon;
				INFOPLIST_FILE = OnTheMap/Info.plist;
				LD_RUNPATH_SEARCH_PATHS = "$(inherited) @executable_path/Frameworks";
				PRODUCT_BUNDLE_IDENTIFIER = com.taylormasterson.OnTheMap;
				PRODUCT_NAME = "$(TARGET_NAME)";
				SWIFT_VERSION = 3.0;
			};
			name = Release;
		};
/* End XCBuildConfiguration section */

/* Begin XCConfigurationList section */
		A14744AB1F4AF14300B956D4 /* Build configuration list for PBXProject "OnTheMap" */ = {
			isa = XCConfigurationList;
			buildConfigurations = (
				A14744C21F4AF14300B956D4 /* Debug */,
				A14744C31F4AF14300B956D4 /* Release */,
			);
			defaultConfigurationIsVisible = 0;
			defaultConfigurationName = Release;
		};
		A14744C41F4AF14300B956D4 /* Build configuration list for PBXNativeTarget "OnTheMap" */ = {
			isa = XCConfigurationList;
			buildConfigurations = (
				A14744C51F4AF14300B956D4 /* Debug */,
				A14744C61F4AF14300B956D4 /* Release */,
			);
			defaultConfigurationIsVisible = 0;
			defaultConfigurationName = Release;
		};
/* End XCConfigurationList section */
	};
	rootObject = A14744A81F4AF14300B956D4 /* Project object */;
}
